
Microsoft Visual Studio Solution File, Format Version 12.00
# Visual Studio Version 16
VisualStudioVersion = 16.0.31321.278
MinimumVisualStudioVersion = 10.0.40219.1
Project("{2150E333-8FDC-42A3-9474-1A3956D46DE8}") = "dapr", "dapr", "{95EB9154-2FB2-40ED-9973-8A52BC65C86C}"
EndProject
Project("{2150E333-8FDC-42A3-9474-1A3956D46DE8}") = "src", "src", "{4401CB39-0FCA-4D03-90BB-C81C0DB1373A}"
EndProject
Project("{2150E333-8FDC-42A3-9474-1A3956D46DE8}") = "Services", "Services", "{A6A8F7D7-1E79-4FCB-BBC9-5F84F5C665FE}"
EndProject
Project("{2150E333-8FDC-42A3-9474-1A3956D46DE8}") = "Payment", "Payment", "{8B96C3A0-4410-4EB3-9132-2835EB972C67}"
EndProject
Project("{9A19103F-16F7-4668-BE54-9A1E7A4F7556}") = "Payment.API", "src\Services\Payment\Payment.API\Payment.API.csproj", "{6D40A731-27F9-416B-85F6-1A5F1E05FE79}"
EndProject
Project("{2150E333-8FDC-42A3-9474-1A3956D46DE8}") = "BuildingBlocks", "BuildingBlocks", "{7B1DA09B-C5CA-40F1-9BB1-D8291B4713A1}"
EndProject
Project("{2150E333-8FDC-42A3-9474-1A3956D46DE8}") = "EventBus", "EventBus", "{5224B4DE-C1BC-4F87-AF13-1A6B35C82D87}"
EndProject
Project("{9A19103F-16F7-4668-BE54-9A1E7A4F7556}") = "EventBus", "src\BuildingBlocks\EventBus\EventBus\EventBus.csproj", "{06E94C52-FAC8-4604-9A36-D3EBB43C195A}"
EndProject
Project("{2150E333-8FDC-42A3-9474-1A3956D46DE8}") = "ApiGateways", "ApiGateways", "{09FA095D-4F54-4B86-9157-2D7429645E0E}"
EndProject
Project("{2150E333-8FDC-42A3-9474-1A3956D46DE8}") = "WebHost", "WebHost", "{1B2FD0CE-4162-4269-AC52-F38428C7472E}"
EndProject
Project("{9A19103F-16F7-4668-BE54-9A1E7A4F7556}") = "IntegrationEventLogEF", "src\BuildingBlocks\EventBus\IntegrationEventLogEF\IntegrationEventLogEF.csproj", "{B54D7FAA-DE80-4037-8A96-8BE63DA8FB69}"
EndProject
Project("{9A19103F-16F7-4668-BE54-9A1E7A4F7556}") = "WebHost.Customization", "src\BuildingBlocks\WebHost\WebHost.Customization\WebHost.Customization.csproj", "{A92BAFEA-B2C0-4BE8-8BAC-C912277FA3B4}"
EndProject
Project("{2150E333-8FDC-42A3-9474-1A3956D46DE8}") = "Basket", "Basket", "{6E4AE72B-9443-4F19-A6B0-836EC4856072}"
EndProject
Project("{FAE04EC0-301F-11D3-BF4B-00C04F79EFBC}") = "Basket.API", "src\Services\Basket\Basket.API\Basket.API.csproj", "{F1718183-464E-4080-936B-BE1B51EF36F2}"
EndProject
Project("{2150E333-8FDC-42A3-9474-1A3956D46DE8}") = "Ordering", "Ordering", "{63365A17-3F43-4D71-BA8C-C38105ECFD1B}"
EndProject
Project("{FAE04EC0-301F-11D3-BF4B-00C04F79EFBC}") = "Ordering.API", "src\Services\Ordering\Ordering.API\Ordering.API.csproj", "{B6029F37-B688-43F6-B86F-DA9330AF0EBF}"
EndProject
Project("{2150E333-8FDC-42A3-9474-1A3956D46DE8}") = "Catalog", "Catalog", "{C4D1CB95-1F59-42B0-A8D0-1DFB97D06D70}"
EndProject
Project("{9A19103F-16F7-4668-BE54-9A1E7A4F7556}") = "Catalog.API", "src\Services\Catalog\Catalog.API\Catalog.API.csproj", "{9D7E9332-0561-476F-A392-5B2542F05EDC}"
EndProject
Project("{2150E333-8FDC-42A3-9474-1A3956D46DE8}") = "Envoy", "Envoy", "{3299523F-6AE9-4851-B0CE-A1C42C9477F9}"
	ProjectSection(SolutionItems) = preProject
		envoy.yaml = envoy.yaml
	EndProjectSection
EndProject
Project("{2150E333-8FDC-42A3-9474-1A3956D46DE8}") = "Aggregators", "Aggregators", "{B7DE9DB6-C36D-47AF-B0C9-60833D8D9838}"
EndProject
Project("{E53339B2-1760-4266-BCC7-CA923CBCF16C}") = "docker-compose", "docker-compose.dcproj", "{336869C6-E3DF-4602-B2D9-4D16E58C1294}"
EndProject
Project("{FAE04EC0-301F-11D3-BF4B-00C04F79EFBC}") = "Web.Shopping.HttpAggregator", "src\ApiGateways\Aggregators\Web.Shopping.HttpAggregator\Web.Shopping.HttpAggregator.csproj", "{35573B80-7EC3-4DC2-B228-236ADCA5EDD8}"
EndProject
Global
	GlobalSection(SolutionConfigurationPlatforms) = preSolution
		Debug|Any CPU = Debug|Any CPU
		Release|Any CPU = Release|Any CPU
	EndGlobalSection
	GlobalSection(ProjectConfigurationPlatforms) = postSolution
		{6D40A731-27F9-416B-85F6-1A5F1E05FE79}.Debug|Any CPU.ActiveCfg = Debug|Any CPU
		{6D40A731-27F9-416B-85F6-1A5F1E05FE79}.Debug|Any CPU.Build.0 = Debug|Any CPU
		{6D40A731-27F9-416B-85F6-1A5F1E05FE79}.Release|Any CPU.ActiveCfg = Release|Any CPU
		{6D40A731-27F9-416B-85F6-1A5F1E05FE79}.Release|Any CPU.Build.0 = Release|Any CPU
		{06E94C52-FAC8-4604-9A36-D3EBB43C195A}.Debug|Any CPU.ActiveCfg = Debug|Any CPU
		{06E94C52-FAC8-4604-9A36-D3EBB43C195A}.Debug|Any CPU.Build.0 = Debug|Any CPU
		{06E94C52-FAC8-4604-9A36-D3EBB43C195A}.Release|Any CPU.ActiveCfg = Release|Any CPU
		{06E94C52-FAC8-4604-9A36-D3EBB43C195A}.Release|Any CPU.Build.0 = Release|Any CPU
		{B54D7FAA-DE80-4037-8A96-8BE63DA8FB69}.Debug|Any CPU.ActiveCfg = Debug|Any CPU
		{B54D7FAA-DE80-4037-8A96-8BE63DA8FB69}.Debug|Any CPU.Build.0 = Debug|Any CPU
		{B54D7FAA-DE80-4037-8A96-8BE63DA8FB69}.Release|Any CPU.ActiveCfg = Release|Any CPU
		{B54D7FAA-DE80-4037-8A96-8BE63DA8FB69}.Release|Any CPU.Build.0 = Release|Any CPU
		{A92BAFEA-B2C0-4BE8-8BAC-C912277FA3B4}.Debug|Any CPU.ActiveCfg = Debug|Any CPU
		{A92BAFEA-B2C0-4BE8-8BAC-C912277FA3B4}.Debug|Any CPU.Build.0 = Debug|Any CPU
		{A92BAFEA-B2C0-4BE8-8BAC-C912277FA3B4}.Release|Any CPU.ActiveCfg = Release|Any CPU
		{A92BAFEA-B2C0-4BE8-8BAC-C912277FA3B4}.Release|Any CPU.Build.0 = Release|Any CPU
		{F1718183-464E-4080-936B-BE1B51EF36F2}.Debug|Any CPU.ActiveCfg = Debug|Any CPU
		{F1718183-464E-4080-936B-BE1B51EF36F2}.Debug|Any CPU.Build.0 = Debug|Any CPU
		{F1718183-464E-4080-936B-BE1B51EF36F2}.Release|Any CPU.ActiveCfg = Release|Any CPU
		{F1718183-464E-4080-936B-BE1B51EF36F2}.Release|Any CPU.Build.0 = Release|Any CPU
		{B6029F37-B688-43F6-B86F-DA9330AF0EBF}.Debug|Any CPU.ActiveCfg = Debug|Any CPU
		{B6029F37-B688-43F6-B86F-DA9330AF0EBF}.Debug|Any CPU.Build.0 = Debug|Any CPU
		{B6029F37-B688-43F6-B86F-DA9330AF0EBF}.Release|Any CPU.ActiveCfg = Release|Any CPU
		{B6029F37-B688-43F6-B86F-DA9330AF0EBF}.Release|Any CPU.Build.0 = Release|Any CPU
		{9D7E9332-0561-476F-A392-5B2542F05EDC}.Debug|Any CPU.ActiveCfg = Debug|Any CPU
		{9D7E9332-0561-476F-A392-5B2542F05EDC}.Debug|Any CPU.Build.0 = Debug|Any CPU
		{9D7E9332-0561-476F-A392-5B2542F05EDC}.Release|Any CPU.ActiveCfg = Release|Any CPU
		{9D7E9332-0561-476F-A392-5B2542F05EDC}.Release|Any CPU.Build.0 = Release|Any CPU
		{336869C6-E3DF-4602-B2D9-4D16E58C1294}.Debug|Any CPU.ActiveCfg = Debug|Any CPU
		{336869C6-E3DF-4602-B2D9-4D16E58C1294}.Debug|Any CPU.Build.0 = Debug|Any CPU
		{336869C6-E3DF-4602-B2D9-4D16E58C1294}.Release|Any CPU.ActiveCfg = Release|Any CPU
		{336869C6-E3DF-4602-B2D9-4D16E58C1294}.Release|Any CPU.Build.0 = Release|Any CPU
		{35573B80-7EC3-4DC2-B228-236ADCA5EDD8}.Debug|Any CPU.ActiveCfg = Debug|Any CPU
		{35573B80-7EC3-4DC2-B228-236ADCA5EDD8}.Debug|Any CPU.Build.0 = Debug|Any CPU
		{35573B80-7EC3-4DC2-B228-236ADCA5EDD8}.Release|Any CPU.ActiveCfg = Release|Any CPU
		{35573B80-7EC3-4DC2-B228-236ADCA5EDD8}.Release|Any CPU.Build.0 = Release|Any CPU
	EndGlobalSection
	GlobalSection(SolutionProperties) = preSolution
		HideSolutionNode = FALSE
	EndGlobalSection
	GlobalSection(NestedProjects) = preSolution
		{A6A8F7D7-1E79-4FCB-BBC9-5F84F5C665FE} = {4401CB39-0FCA-4D03-90BB-C81C0DB1373A}
		{8B96C3A0-4410-4EB3-9132-2835EB972C67} = {A6A8F7D7-1E79-4FCB-BBC9-5F84F5C665FE}
		{6D40A731-27F9-416B-85F6-1A5F1E05FE79} = {8B96C3A0-4410-4EB3-9132-2835EB972C67}
		{7B1DA09B-C5CA-40F1-9BB1-D8291B4713A1} = {4401CB39-0FCA-4D03-90BB-C81C0DB1373A}
		{5224B4DE-C1BC-4F87-AF13-1A6B35C82D87} = {7B1DA09B-C5CA-40F1-9BB1-D8291B4713A1}
		{06E94C52-FAC8-4604-9A36-D3EBB43C195A} = {5224B4DE-C1BC-4F87-AF13-1A6B35C82D87}
		{09FA095D-4F54-4B86-9157-2D7429645E0E} = {4401CB39-0FCA-4D03-90BB-C81C0DB1373A}
		{1B2FD0CE-4162-4269-AC52-F38428C7472E} = {7B1DA09B-C5CA-40F1-9BB1-D8291B4713A1}
		{B54D7FAA-DE80-4037-8A96-8BE63DA8FB69} = {5224B4DE-C1BC-4F87-AF13-1A6B35C82D87}
		{A92BAFEA-B2C0-4BE8-8BAC-C912277FA3B4} = {1B2FD0CE-4162-4269-AC52-F38428C7472E}
		{6E4AE72B-9443-4F19-A6B0-836EC4856072} = {A6A8F7D7-1E79-4FCB-BBC9-5F84F5C665FE}
		{F1718183-464E-4080-936B-BE1B51EF36F2} = {6E4AE72B-9443-4F19-A6B0-836EC4856072}
		{63365A17-3F43-4D71-BA8C-C38105ECFD1B} = {A6A8F7D7-1E79-4FCB-BBC9-5F84F5C665FE}
		{B6029F37-B688-43F6-B86F-DA9330AF0EBF} = {63365A17-3F43-4D71-BA8C-C38105ECFD1B}
		{C4D1CB95-1F59-42B0-A8D0-1DFB97D06D70} = {A6A8F7D7-1E79-4FCB-BBC9-5F84F5C665FE}
		{9D7E9332-0561-476F-A392-5B2542F05EDC} = {C4D1CB95-1F59-42B0-A8D0-1DFB97D06D70}
		{3299523F-6AE9-4851-B0CE-A1C42C9477F9} = {09FA095D-4F54-4B86-9157-2D7429645E0E}
		{B7DE9DB6-C36D-47AF-B0C9-60833D8D9838} = {09FA095D-4F54-4B86-9157-2D7429645E0E}
		{35573B80-7EC3-4DC2-B228-236ADCA5EDD8} = {B7DE9DB6-C36D-47AF-B0C9-60833D8D9838}
	EndGlobalSection
	GlobalSection(ExtensibilityGlobals) = postSolution
		SolutionGuid = {C01B012B-D273-421F-B0AE-CCA1FA02C33B}
	EndGlobalSection
EndGlobal
